
Microsoft Visual Studio Solution File, Format Version 12.00
# Visual Studio Version 17
VisualStudioVersion = 17.8.34601.278
MinimumVisualStudioVersion = 10.0.40219.1
Project("{FAE04EC0-301F-11D3-BF4B-00C04F79EFBC}") = "StackOverflow", "StackOverflow.csproj", "{DA74D4C4-0F28-423D-863E-356C7A5E135C}"
EndProject
Global
	GlobalSection(SolutionConfigurationPlatforms) = preSolution
		Debug|Any CPU = Debug|Any CPU
		Release|Any CPU = Release|Any CPU
	EndGlobalSection
	GlobalSection(ProjectConfigurationPlatforms) = postSolution
		{DA74D4C4-0F28-423D-863E-356C7A5E135C}.Debug|Any CPU.ActiveCfg = Debug|Any CPU
		{DA74D4C4-0F28-423D-863E-356C7A5E135C}.Debug|Any CPU.Build.0 = Debug|Any CPU
		{DA74D4C4-0F28-423D-863E-356C7A5E135C}.Release|Any CPU.ActiveCfg = Release|Any CPU
		{DA74D4C4-0F28-423D-863E-356C7A5E135C}.Release|Any CPU.Build.0 = Release|Any CPU
	EndGlobalSection
	GlobalSection(SolutionProperties) = preSolution
		HideSolutionNode = FALSE
	EndGlobalSection
	GlobalSection(ExtensibilityGlobals) = postSolution
		SolutionGuid = {89452B34-90FB-495F-916D-39874DF5FB8F}
	EndGlobalSection
EndGlobal
